name: Apply SEO regional block

on:
  pull_request:
    branches:
      - main
    types:
      - opened
      - synchronize

permissions:
  contents: write

jobs:
  apply:
    if: github.actor != 'github-actions[bot]'
    runs-on: ubuntu-latest
    env:
      TARGET_BRANCH: ${{ github.head_ref }}
    steps:
      - name: Checkout working branch
        uses: actions/checkout@v4
        with:
          ref: ${{ github.head_ref }}
          fetch-depth: 0

      - name: Reconstruct and verify installer
        shell: python
        run: |
          from pathlib import Path
          import base64
          import hashlib

          parts = sorted(Path('.tmp/seo-regional-cities').glob('script.py.b64.part*'))
          if len(parts) != 6:
              raise SystemExit(f'Expected 6 installer parts, found {len(parts)}')
          data = base64.b64decode(''.join(p.read_text(encoding='ascii') for p in parts))
          digest = hashlib.sha256(data).hexdigest()
          expected = 'dafe8390eff7affd0845162eb0480a20893a3909d3b2a8f80f254db757ab557b'
          if digest != expected:
              raise SystemExit(f'Installer checksum mismatch: {digest}')
          Path('/tmp/apply_seo_regional_block.py').write_bytes(data)
          print(f'Installer verified: {digest}')

      - name: Normalize known archive transfer character
        shell: python
        run: |
          from pathlib import Path
          path = Path('.tmp/seo-regional-cities/assets.zip.b64.part04')
          payload = path.read_text(encoding='ascii')
          bad = 'M9V5/DG' + ' ' + 'ndzi42'
          good = 'M9V5/DG' + 'N' + 'dzi42'
          if bad not in payload:
              raise SystemExit('Expected transfer artifact was not found')
          payload = payload.replace(bad, good, 1)
          path.write_text(payload, encoding='ascii')
          print('Archive part 04 normalized')

      - name: Apply and validate regional block
        run: python /tmp/apply_seo_regional_block.py

      - name: Remove one-time inputs
        run: rm -rf .tmp/seo-regional-cities

      - name: Commit generated page and images
        run: |
          git config user.name "github-actions[bot]"
          git config user.email "41898282+github-actions[bot]@users.noreply.github.com"
          git add -A
          git diff --cached --check
          git commit -m "feat: add regional SEO city navigation block"
          git push origin HEAD:"$TARGET_BRANCH"
